
Microsoft Visual Studio Solution File, Format Version 12.00
# Visual Studio 2012
Project("{FAE04EC0-301F-11D3-BF4B-00C04F79EFBC}") = "DotTest", "DotTest\DotTest.csproj", "{BA77AF25-06AA-413F-976C-5941916BF31F}"
EndProject
Project("{FAE04EC0-301F-11D3-BF4B-00C04F79EFBC}") = "Ejemplo", "Ejemplo\Ejemplo.csproj", "{505174CD-2CFD-416A-B887-FD2C2890F956}"
EndProject
Project("{FAE04EC0-301F-11D3-BF4B-00C04F79EFBC}") = "Tests", "Test\Tests.csproj", "{31D6D9C1-84EC-4E4E-A31F-88DC6048F695}"
EndProject
Global
	GlobalSection(SolutionConfigurationPlatforms) = preSolution
		Debug|Any CPU = Debug|Any CPU
		Release|Any CPU = Release|Any CPU
	EndGlobalSection
	GlobalSection(ProjectConfigurationPlatforms) = postSolution
		{BA77AF25-06AA-413F-976C-5941916BF31F}.Debug|Any CPU.ActiveCfg = Debug|Any CPU
		{BA77AF25-06AA-413F-976C-5941916BF31F}.Debug|Any CPU.Build.0 = Debug|Any CPU
		{BA77AF25-06AA-413F-976C-5941916BF31F}.Release|Any CPU.ActiveCfg = Release|Any CPU
		{BA77AF25-06AA-413F-976C-5941916BF31F}.Release|Any CPU.Build.0 = Release|Any CPU
		{505174CD-2CFD-416A-B887-FD2C2890F956}.Debug|Any CPU.ActiveCfg = Debug|Any CPU
		{505174CD-2CFD-416A-B887-FD2C2890F956}.Debug|Any CPU.Build.0 = Debug|Any CPU
		{505174CD-2CFD-416A-B887-FD2C2890F956}.Release|Any CPU.ActiveCfg = Release|Any CPU
		{505174CD-2CFD-416A-B887-FD2C2890F956}.Release|Any CPU.Build.0 = Release|Any CPU
		{31D6D9C1-84EC-4E4E-A31F-88DC6048F695}.Debug|Any CPU.ActiveCfg = Debug|Any CPU
		{31D6D9C1-84EC-4E4E-A31F-88DC6048F695}.Debug|Any CPU.Build.0 = Debug|Any CPU
		{31D6D9C1-84EC-4E4E-A31F-88DC6048F695}.Release|Any CPU.ActiveCfg = Release|Any CPU
		{31D6D9C1-84EC-4E4E-A31F-88DC6048F695}.Release|Any CPU.Build.0 = Release|Any CPU
	EndGlobalSection
	GlobalSection(SolutionProperties) = preSolution
		HideSolutionNode = FALSE
	EndGlobalSection
EndGlobal
